
Microsoft Visual Studio Solution File, Format Version 12.00
# Visual Studio 2017
Project("{FAE04EC0-301F-11D3-BF4B-00C04F79EFBC}") = "2 D RPG", "2 D RPG.csproj", "{C74D61D4-B183-DD68-DADA-7DCC2DCE7D3B}"
EndProject
Project("{FAE04EC0-301F-11D3-BF4B-00C04F79EFBC}") = "2 D RPG.Editor", "2 D RPG.Editor.csproj", "{0E3D3DAC-8196-EE30-738E-97EE0510BBB7}"
EndProject
Global
	GlobalSection(SolutionConfigurationPlatforms) = preSolution
		Debug|Any CPU = Debug|Any CPU
		Release|Any CPU = Release|Any CPU
	EndGlobalSection
	GlobalSection(ProjectConfigurationPlatforms) = postSolution
		{C74D61D4-B183-DD68-DADA-7DCC2DCE7D3B}.Debug|Any CPU.ActiveCfg = Debug|Any CPU
		{C74D61D4-B183-DD68-DADA-7DCC2DCE7D3B}.Debug|Any CPU.Build.0 = Debug|Any CPU
		{C74D61D4-B183-DD68-DADA-7DCC2DCE7D3B}.Release|Any CPU.ActiveCfg = Release|Any CPU
		{C74D61D4-B183-DD68-DADA-7DCC2DCE7D3B}.Release|Any CPU.Build.0 = Release|Any CPU
		{0E3D3DAC-8196-EE30-738E-97EE0510BBB7}.Debug|Any CPU.ActiveCfg = Debug|Any CPU
		{0E3D3DAC-8196-EE30-738E-97EE0510BBB7}.Debug|Any CPU.Build.0 = Debug|Any CPU
		{0E3D3DAC-8196-EE30-738E-97EE0510BBB7}.Release|Any CPU.ActiveCfg = Release|Any CPU
		{0E3D3DAC-8196-EE30-738E-97EE0510BBB7}.Release|Any CPU.Build.0 = Release|Any CPU
	EndGlobalSection
	GlobalSection(SolutionProperties) = preSolution
		HideSolutionNode = FALSE
	EndGlobalSection
EndGlobal
